
Microsoft Visual Studio Solution File, Format Version 12.00
# Visual Studio Version 16
VisualStudioVersion = 16.0.30104.148
MinimumVisualStudioVersion = 10.0.40219.1
Project("{FAE04EC0-301F-11D3-BF4B-00C04F79EFBC}") = "PhotoPixeler", "PhotoPixeler.csproj", "{CE836363-2FBF-43D1-B035-5C079A58AA64}"
EndProject
Global
	GlobalSection(SolutionConfigurationPlatforms) = preSolution
		Debug|Any CPU = Debug|Any CPU
		Release|Any CPU = Release|Any CPU
	EndGlobalSection
	GlobalSection(ProjectConfigurationPlatforms) = postSolution
		{CE836363-2FBF-43D1-B035-5C079A58AA64}.Debug|Any CPU.ActiveCfg = Debug|Any CPU
		{CE836363-2FBF-43D1-B035-5C079A58AA64}.Debug|Any CPU.Build.0 = Debug|Any CPU
		{CE836363-2FBF-43D1-B035-5C079A58AA64}.Release|Any CPU.ActiveCfg = Release|Any CPU
		{CE836363-2FBF-43D1-B035-5C079A58AA64}.Release|Any CPU.Build.0 = Release|Any CPU
	EndGlobalSection
	GlobalSection(SolutionProperties) = preSolution
		HideSolutionNode = FALSE
	EndGlobalSection
	GlobalSection(ExtensibilityGlobals) = postSolution
		SolutionGuid = {2F2A7C9E-BD7A-4713-972C-E65B5CF77E37}
	EndGlobalSection
EndGlobal
